// !$*UTF8*$!
{
	archiveVersion = 1;
	classes = {
	};
	objectVersion = 52;
	objects = {

/* Begin PBXBuildFile section */
		388DFE012546EB550000D66C /* motivateApp.swift in Sources */ = {isa = PBXBuildFile; fileRef = 388DFE002546EB550000D66C /* motivateApp.swift */; };
		388DFE032546EB550000D66C /* ContentView.swift in Sources */ = {isa = PBXBuildFile; fileRef = 388DFE022546EB550000D66C /* ContentView.swift */; };
		388DFE052546EB570000D66C /* Assets.xcassets in Resources */ = {isa = PBXBuildFile; fileRef = 388DFE042546EB570000D66C /* Assets.xcassets */; };
		388DFE082546EB570000D66C /* Preview Assets.xcassets in Resources */ = {isa = PBXBuildFile; fileRef = 388DFE072546EB570000D66C /* Preview Assets.xcassets */; };
		388DFE132546EB570000D66C /* motivateTests.swift in Sources */ = {isa = PBXBuildFile; fileRef = 388DFE122546EB570000D66C /* motivateTests.swift */; };
		388DFE1E2546EB570000D66C /* motivateUITests.swift in Sources */ = {isa = PBXBuildFile; fileRef = 388DFE1D2546EB570000D66C /* motivateUITests.swift */; };
		388DFE3525472AFA0000D66C /* URLImage in Frameworks */ = {isa = PBXBuildFile; productRef = 388DFE3425472AFA0000D66C /* URLImage */; };
		388DFE3E25481FBC0000D66C /* Store.swift in Sources */ = {isa = PBXBuildFile; fileRef = 388DFE3D25481FBC0000D66C /* Store.swift */; };
		388DFE4625482F6E0000D66C /* UnsplashService.swift in Sources */ = {isa = PBXBuildFile; fileRef = 388DFE4525482F6E0000D66C /* UnsplashService.swift */; };
		388DFE5025483A030000D66C /* Photo.swift in Sources */ = {isa = PBXBuildFile; fileRef = 388DFE4F25483A030000D66C /* Photo.swift */; };
/* End PBXBuildFile section */

/* Begin PBXContainerItemProxy section */
		388DFE0F2546EB570000D66C /* PBXContainerItemProxy */ = {
			isa = PBXContainerItemProxy;
			containerPortal = 388DFDF52546EB550000D66C /* Project object */;
			proxyType = 1;
			remoteGlobalIDString = 388DFDFC2546EB550000D66C;
			remoteInfo = motivate;
		};
		388DFE1A2546EB570000D66C /* PBXContainerItemProxy */ = {
			isa = PBXContainerItemProxy;
			containerPortal = 388DFDF52546EB550000D66C /* Project object */;
			proxyType = 1;
			remoteGlobalIDString = 388DFDFC2546EB550000D66C;
			remoteInfo = motivate;
		};
/* End PBXContainerItemProxy section */

/* Begin PBXFileReference section */
		388DFDFD2546EB550000D66C /* motivate.app */ = {isa = PBXFileReference; explicitFileType = wrapper.application; includeInIndex = 0; path = motivate.app; sourceTree = BUILT_PRODUCTS_DIR; };
		388DFE002546EB550000D66C /* motivateApp.swift */ = {isa = PBXFileReference; lastKnownFileType = sourcecode.swift; path = motivateApp.swift; sourceTree = "<group>"; };
		388DFE022546EB550000D66C /* ContentView.swift */ = {isa = PBXFileReference; lastKnownFileType = sourcecode.swift; path = ContentView.swift; sourceTree = "<group>"; };
		388DFE042546EB570000D66C /* Assets.xcassets */ = {isa = PBXFileReference; lastKnownFileType = folder.assetcatalog; path = Assets.xcassets; sourceTree = "<group>"; };
		388DFE072546EB570000D66C /* Preview Assets.xcassets */ = {isa = PBXFileReference; lastKnownFileType = folder.assetcatalog; path = "Preview Assets.xcassets"; sourceTree = "<group>"; };
		388DFE092546EB570000D66C /* Info.plist */ = {isa = PBXFileReference; lastKnownFileType = text.plist.xml; path = Info.plist; sourceTree = "<group>"; };
		388DFE0E2546EB570000D66C /* motivateTests.xctest */ = {isa = PBXFileReference; explicitFileType = wrapper.cfbundle; includeInIndex = 0; path = motivateTests.xctest; sourceTree = BUILT_PRODUCTS_DIR; };
		388DFE122546EB570000D66C /* motivateTests.swift */ = {isa = PBXFileReference; lastKnownFileType = sourcecode.swift; path = motivateTests.swift; sourceTree = "<group>"; };
		388DFE142546EB570000D66C /* Info.plist */ = {isa = PBXFileReference; lastKnownFileType = text.plist.xml; path = Info.plist; sourceTree = "<group>"; };
		388DFE192546EB570000D66C /* motivateUITests.xctest */ = {isa = PBXFileReference; explicitFileType = wrapper.cfbundle; includeInIndex = 0; path = motivateUITests.xctest; sourceTree = BUILT_PRODUCTS_DIR; };
		388DFE1D2546EB570000D66C /* motivateUITests.swift */ = {isa = PBXFileReference; lastKnownFileType = sourcecode.swift; path = motivateUITests.swift; sourceTree = "<group>"; };
		388DFE1F2546EB570000D66C /* Info.plist */ = {isa = PBXFileReference; lastKnownFileType = text.plist.xml; path = Info.plist; sourceTree = "<group>"; };
		388DFE3D25481FBC0000D66C /* Store.swift */ = {isa = PBXFileReference; lastKnownFileType = sourcecode.swift; path = Store.swift; sourceTree = "<group>"; };
		388DFE4525482F6E0000D66C /* UnsplashService.swift */ = {isa = PBXFileReference; lastKnownFileType = sourcecode.swift; path = UnsplashService.swift; sourceTree = "<group>"; };
		388DFE4F25483A030000D66C /* Photo.swift */ = {isa = PBXFileReference; lastKnownFileType = sourcecode.swift; path = Photo.swift; sourceTree = "<group>"; };
/* End PBXFileReference section */

/* Begin PBXFrameworksBuildPhase section */
		388DFDFA2546EB550000D66C /* Frameworks */ = {
			isa = PBXFrameworksBuildPhase;
			buildActionMask = 2147483647;
			files = (
				388DFE3525472AFA0000D66C /* URLImage in Frameworks */,
			);
			runOnlyForDeploymentPostprocessing = 0;
		};
		388DFE0B2546EB570000D66C /* Frameworks */ = {
			isa = PBXFrameworksBuildPhase;
			buildActionMask = 2147483647;
			files = (
			);
			runOnlyForDeploymentPostprocessing = 0;
		};
		388DFE162546EB570000D66C /* Frameworks */ = {
			isa = PBXFrameworksBuildPhase;
			buildActionMask = 2147483647;
			files = (
			);
			runOnlyForDeploymentPostprocessing = 0;
		};
/* End PBXFrameworksBuildPhase section */

/* Begin PBXGroup section */
		388DFDF42546EB550000D66C = {
			isa = PBXGroup;
			children = (
				388DFDFF2546EB550000D66C /* motivate */,
				388DFE112546EB570000D66C /* motivateTests */,
				388DFE1C2546EB570000D66C /* motivateUITests */,
				388DFDFE2546EB550000D66C /* Products */,
			);
			sourceTree = "<group>";
		};
		388DFDFE2546EB550000D66C /* Products */ = {
			isa = PBXGroup;
			children = (
				388DFDFD2546EB550000D66C /* motivate.app */,
				388DFE0E2546EB570000D66C /* motivateTests.xctest */,
				388DFE192546EB570000D66C /* motivateUITests.xctest */,
			);
			name = Products;
			sourceTree = "<group>";
		};
		388DFDFF2546EB550000D66C /* motivate */ = {
			isa = PBXGroup;
			children = (
				388DFE4E254839F50000D66C /* Models */,
				388DFE3C25481FA90000D66C /* Store */,
				388DFE002546EB550000D66C /* motivateApp.swift */,
				388DFE022546EB550000D66C /* ContentView.swift */,
				388DFE042546EB570000D66C /* Assets.xcassets */,
				388DFE092546EB570000D66C /* Info.plist */,
				388DFE062546EB570000D66C /* Preview Content */,
				388DFE4A25482F740000D66C /* Services */,
			);
			path = motivate;
			sourceTree = "<group>";
		};
		388DFE062546EB570000D66C /* Preview Content */ = {
			isa = PBXGroup;
			children = (
				388DFE072546EB570000D66C /* Preview Assets.xcassets */,
			);
			path = "Preview Content";
			sourceTree = "<group>";
		};
		388DFE112546EB570000D66C /* motivateTests */ = {
			isa = PBXGroup;
			children = (
				388DFE122546EB570000D66C /* motivateTests.swift */,
				388DFE142546EB570000D66C /* Info.plist */,
			);
			path = motivateTests;
			sourceTree = "<group>";
		};
		388DFE1C2546EB570000D66C /* motivateUITests */ = {
			isa = PBXGroup;
			children = (
				388DFE1D2546EB570000D66C /* motivateUITests.swift */,
				388DFE1F2546EB570000D66C /* Info.plist */,
			);
			path = motivateUITests;
			sourceTree = "<group>";
		};
		388DFE3C25481FA90000D66C /* Store */ = {
			isa = PBXGroup;
			children = (
				388DFE3D25481FBC0000D66C /* Store.swift */,
			);
			path = Store;
			sourceTree = "<group>";
		};
		388DFE4A25482F740000D66C /* Services */ = {
			isa = PBXGroup;
			children = (
				388DFE4525482F6E0000D66C /* UnsplashService.swift */,
			);
			path = Services;
			sourceTree = "<group>";
		};
		388DFE4E254839F50000D66C /* Models */ = {
			isa = PBXGroup;
			children = (
				388DFE4F25483A030000D66C /* Photo.swift */,
			);
			path = Models;
			sourceTree = "<group>";
		};
/* End PBXGroup section */

/* Begin PBXNativeTarget section */
		388DFDFC2546EB550000D66C /* motivate */ = {
			isa = PBXNativeTarget;
			buildConfigurationList = 388DFE222546EB570000D66C /* Build configuration list for PBXNativeTarget "motivate" */;
			buildPhases = (
				388DFDF92546EB550000D66C /* Sources */,
				388DFDFA2546EB550000D66C /* Frameworks */,
				388DFDFB2546EB550000D66C /* Resources */,
			);
			buildRules = (
			);
			dependencies = (
			);
			name = motivate;
			packageProductDependencies = (
				388DFE3425472AFA0000D66C /* URLImage */,
			);
			productName = motivate;
			productReference = 388DFDFD2546EB550000D66C /* motivate.app */;
			productType = "com.apple.product-type.application";
		};
		388DFE0D2546EB570000D66C /* motivateTests */ = {
			isa = PBXNativeTarget;
			buildConfigurationList = 388DFE252546EB570000D66C /* Build configuration list for PBXNativeTarget "motivateTests" */;
			buildPhases = (
				388DFE0A2546EB570000D66C /* Sources */,
				388DFE0B2546EB570000D66C /* Frameworks */,
				388DFE0C2546EB570000D66C /* Resources */,
			);
			buildRules = (
			);
			dependencies = (
				388DFE102546EB570000D66C /* PBXTargetDependency */,
			);
			name = motivateTests;
			productName = motivateTests;
			productReference = 388DFE0E2546EB570000D66C /* motivateTests.xctest */;
			productType = "com.apple.product-type.bundle.unit-test";
		};
		388DFE182546EB570000D66C /* motivateUITests */ = {
			isa = PBXNativeTarget;
			buildConfigurationList = 388DFE282546EB570000D66C /* Build configuration list for PBXNativeTarget "motivateUITests" */;
			buildPhases = (
				388DFE152546EB570000D66C /* Sources */,
				388DFE162546EB570000D66C /* Frameworks */,
				388DFE172546EB570000D66C /* Resources */,
			);
			buildRules = (
			);
			dependencies = (
				388DFE1B2546EB570000D66C /* PBXTargetDependency */,
			);
			name = motivateUITests;
			productName = motivateUITests;
			productReference = 388DFE192546EB570000D66C /* motivateUITests.xctest */;
			productType = "com.apple.product-type.bundle.ui-testing";
		};
/* End PBXNativeTarget section */

/* Begin PBXProject section */
		388DFDF52546EB550000D66C /* Project object */ = {
			isa = PBXProject;
			attributes = {
				LastSwiftUpdateCheck = 1200;
				LastUpgradeCheck = 1200;
				TargetAttributes = {
					388DFDFC2546EB550000D66C = {
						CreatedOnToolsVersion = 12.0.1;
					};
					388DFE0D2546EB570000D66C = {
						CreatedOnToolsVersion = 12.0.1;
						TestTargetID = 388DFDFC2546EB550000D66C;
					};
					388DFE182546EB570000D66C = {
						CreatedOnToolsVersion = 12.0.1;
						TestTargetID = 388DFDFC2546EB550000D66C;
					};
				};
			};
			buildConfigurationList = 388DFDF82546EB550000D66C /* Build configuration list for PBXProject "motivate" */;
			compatibilityVersion = "Xcode 9.3";
			developmentRegion = en;
			hasScannedForEncodings = 0;
			knownRegions = (
				en,
				Base,
			);
			mainGroup = 388DFDF42546EB550000D66C;
			packageReferences = (
				388DFE3325472AFA0000D66C /* XCRemoteSwiftPackageReference "url-image" */,
			);
			productRefGroup = 388DFDFE2546EB550000D66C /* Products */;
			projectDirPath = "";
			projectRoot = "";
			targets = (
				388DFDFC2546EB550000D66C /* motivate */,
				388DFE0D2546EB570000D66C /* motivateTests */,
				388DFE182546EB570000D66C /* motivateUITests */,
			);
		};
/* End PBXProject section */

/* Begin PBXResourcesBuildPhase section */
		388DFDFB2546EB550000D66C /* Resources */ = {
			isa = PBXResourcesBuildPhase;
			buildActionMask = 2147483647;
			files = (
				388DFE082546EB570000D66C /* Preview Assets.xcassets in Resources */,
				388DFE052546EB570000D66C /* Assets.xcassets in Resources */,
			);
			runOnlyForDeploymentPostprocessing = 0;
		};
		388DFE0C2546EB570000D66C /* Resources */ = {
			isa = PBXResourcesBuildPhase;
			buildActionMask = 2147483647;
			files = (
			);
			runOnlyForDeploymentPostprocessing = 0;
		};
		388DFE172546EB570000D66C /* Resources */ = {
			isa = PBXResourcesBuildPhase;
			buildActionMask = 2147483647;
			files = (
			);
			runOnlyForDeploymentPostprocessing = 0;
		};
/* End PBXResourcesBuildPhase section */

/* Begin PBXSourcesBuildPhase section */
		388DFDF92546EB550000D66C /* Sources */ = {
			isa = PBXSourcesBuildPhase;
			buildActionMask = 2147483647;
			files = (
				388DFE3E25481FBC0000D66C /* Store.swift in Sources */,
				388DFE032546EB550000D66C /* ContentView.swift in Sources */,
				388DFE012546EB550000D66C /* motivateApp.swift in Sources */,
				388DFE4625482F6E0000D66C /* UnsplashService.swift in Sources */,
				388DFE5025483A030000D66C /* Photo.swift in Sources */,
			);
			runOnlyForDeploymentPostprocessing = 0;
		};
		388DFE0A2546EB570000D66C /* Sources */ = {
			isa = PBXSourcesBuildPhase;
			buildActionMask = 2147483647;
			files = (
				388DFE132546EB570000D66C /* motivateTests.swift in Sources */,
			);
			runOnlyForDeploymentPostprocessing = 0;
		};
		388DFE152546EB570000D66C /* Sources */ = {
			isa = PBXSourcesBuildPhase;
			buildActionMask = 2147483647;
			files = (
				388DFE1E2546EB570000D66C /* motivateUITests.swift in Sources */,
			);
			runOnlyForDeploymentPostprocessing = 0;
		};
/* End PBXSourcesBuildPhase section */

/* Begin PBXTargetDependency section */
		388DFE102546EB570000D66C /* PBXTargetDependency */ = {
			isa = PBXTargetDependency;
			target = 388DFDFC2546EB550000D66C /* motivate */;
			targetProxy = 388DFE0F2546EB570000D66C /* PBXContainerItemProxy */;
		};
		388DFE1B2546EB570000D66C /* PBXTargetDependency */ = {
			isa = PBXTargetDependency;
			target = 388DFDFC2546EB550000D66C /* motivate */;
			targetProxy = 388DFE1A2546EB570000D66C /* PBXContainerItemProxy */;
		};
/* End PBXTargetDependency section */

/* Begin XCBuildConfiguration section */
		388DFE202546EB570000D66C /* Debug */ = {
			isa = XCBuildConfiguration;
			buildSettings = {
				ALWAYS_SEARCH_USER_PATHS = NO;
				CLANG_ANALYZER_NONNULL = YES;
				CLANG_ANALYZER_NUMBER_OBJECT_CONVERSION = YES_AGGRESSIVE;
				CLANG_CXX_LANGUAGE_STANDARD = "gnu++14";
				CLANG_CXX_LIBRARY = "libc++";
				CLANG_ENABLE_MODULES = YES;
				CLANG_ENABLE_OBJC_ARC = YES;
				CLANG_ENABLE_OBJC_WEAK = YES;
				CLANG_WARN_BLOCK_CAPTURE_AUTORELEASING = YES;
				CLANG_WARN_BOOL_CONVERSION = YES;
				CLANG_WARN_COMMA = YES;
				CLANG_WARN_CONSTANT_CONVERSION = YES;
				CLANG_WARN_DEPRECATED_OBJC_IMPLEMENTATIONS = YES;
				CLANG_WARN_DIRECT_OBJC_ISA_USAGE = YES_ERROR;
				CLANG_WARN_DOCUMENTATION_COMMENTS = YES;
				CLANG_WARN_EMPTY_BODY = YES;
				CLANG_WARN_ENUM_CONVERSION = YES;
				CLANG_WARN_INFINITE_RECURSION = YES;
				CLANG_WARN_INT_CONVERSION = YES;
				CLANG_WARN_NON_LITERAL_NULL_CONVERSION = YES;
				CLANG_WARN_OBJC_IMPLICIT_RETAIN_SELF = YES;
				CLANG_WARN_OBJC_LITERAL_CONVERSION = YES;
				CLANG_WARN_OBJC_ROOT_CLASS = YES_ERROR;
				CLANG_WARN_QUOTED_INCLUDE_IN_FRAMEWORK_HEADER = YES;
				CLANG_WARN_RANGE_LOOP_ANALYSIS = YES;
				CLANG_WARN_STRICT_PROTOTYPES = YES;
				CLANG_WARN_SUSPICIOUS_MOVE = YES;
				CLANG_WARN_UNGUARDED_AVAILABILITY = YES_AGGRESSIVE;
				CLANG_WARN_UNREACHABLE_CODE = YES;
				CLANG_WARN__DUPLICATE_METHOD_MATCH = YES;
				COPY_PHASE_STRIP = NO;
				DEBUG_INFORMATION_FORMAT = dwarf;
				ENABLE_STRICT_OBJC_MSGSEND = YES;
				ENABLE_TESTABILITY = YES;
				GCC_C_LANGUAGE_STANDARD = gnu11;
				GCC_DYNAMIC_NO_PIC = NO;
				GCC_NO_COMMON_BLOCKS = YES;
				GCC_OPTIMIZATION_LEVEL = 0;
				GCC_PREPROCESSOR_DEFINITIONS = (
					"DEBUG=1",
					"$(inherited)",
				);
				GCC_WARN_64_TO_32_BIT_CONVERSION = YES;
				GCC_WARN_ABOUT_RETURN_TYPE = YES_ERROR;
				GCC_WARN_UNDECLARED_SELECTOR = YES;
				GCC_WARN_UNINITIALIZED_AUTOS = YES_AGGRESSIVE;
				GCC_WARN_UNUSED_FUNCTION = YES;
				GCC_WARN_UNUSED_VARIABLE = YES;
				IPHONEOS_DEPLOYMENT_TARGET = 14.0;
				MTL_ENABLE_DEBUG_INFO = INCLUDE_SOURCE;
				MTL_FAST_MATH = YES;
				ONLY_ACTIVE_ARCH = YES;
				SDKROOT = iphoneos;
				SWIFT_ACTIVE_COMPILATION_CONDITIONS = DEBUG;
				SWIFT_OPTIMIZATION_LEVEL = "-Onone";
			};
			name = Debug;
		};
		388DFE212546EB570000D66C /* Release */ = {
			isa = XCBuildConfiguration;
			buildSettings = {
				ALWAYS_SEARCH_USER_PATHS = NO;
				CLANG_ANALYZER_NONNULL = YES;
				CLANG_ANALYZER_NUMBER_OBJECT_CONVERSION = YES_AGGRESSIVE;
				CLANG_CXX_LANGUAGE_STANDARD = "gnu++14";
				CLANG_CXX_LIBRARY = "libc++";
				CLANG_ENABLE_MODULES = YES;
				CLANG_ENABLE_OBJC_ARC = YES;
				CLANG_ENABLE_OBJC_WEAK = YES;
				CLANG_WARN_BLOCK_CAPTURE_AUTORELEASING = YES;
				CLANG_WARN_BOOL_CONVERSION = YES;
				CLANG_WARN_COMMA = YES;
				CLANG_WARN_CONSTANT_CONVERSION = YES;
				CLANG_WARN_DEPRECATED_OBJC_IMPLEMENTATIONS = YES;
				CLANG_WARN_DIRECT_OBJC_ISA_USAGE = YES_ERROR;
				CLANG_WARN_DOCUMENTATION_COMMENTS = YES;
				CLANG_WARN_EMPTY_BODY = YES;
				CLANG_WARN_ENUM_CONVERSION = YES;
				CLANG_WARN_INFINITE_RECURSION = YES;
				CLANG_WARN_INT_CONVERSION = YES;
				CLANG_WARN_NON_LITERAL_NULL_CONVERSION = YES;
				CLANG_WARN_OBJC_IMPLICIT_RETAIN_SELF = YES;
				CLANG_WARN_OBJC_LITERAL_CONVERSION = YES;
				CLANG_WARN_OBJC_ROOT_CLASS = YES_ERROR;
				CLANG_WARN_QUOTED_INCLUDE_IN_FRAMEWORK_HEADER = YES;
				CLANG_WARN_RANGE_LOOP_ANALYSIS = YES;
				CLANG_WARN_STRICT_PROTOTYPES = YES;
				CLANG_WARN_SUSPICIOUS_MOVE = YES;
				CLANG_WARN_UNGUARDED_AVAILABILITY = YES_AGGRESSIVE;
				CLANG_WARN_UNREACHABLE_CODE = YES;
				CLANG_WARN__DUPLICATE_METHOD_MATCH = YES;
				COPY_PHASE_STRIP = NO;
				DEBUG_INFORMATION_FORMAT = "dwarf-with-dsym";
				ENABLE_NS_ASSERTIONS = NO;
				ENABLE_STRICT_OBJC_MSGSEND = YES;
				GCC_C_LANGUAGE_STANDARD = gnu11;
				GCC_NO_COMMON_BLOCKS = YES;
				GCC_WARN_64_TO_32_BIT_CONVERSION = YES;
				GCC_WARN_ABOUT_RETURN_TYPE = YES_ERROR;
				GCC_WARN_UNDECLARED_SELECTOR = YES;
				GCC_WARN_UNINITIALIZED_AUTOS = YES_AGGRESSIVE;
				GCC_WARN_UNUSED_FUNCTION = YES;
				GCC_WARN_UNUSED_VARIABLE = YES;
				IPHONEOS_DEPLOYMENT_TARGET = 14.0;
				MTL_ENABLE_DEBUG_INFO = NO;
				MTL_FAST_MATH = YES;
				SDKROOT = iphoneos;
				SWIFT_COMPILATION_MODE = wholemodule;
				SWIFT_OPTIMIZATION_LEVEL = "-O";
				VALIDATE_PRODUCT = YES;
			};
			name = Release;
		};
		388DFE232546EB570000D66C /* Debug */ = {
			isa = XCBuildConfiguration;
			buildSettings = {
				ASSETCATALOG_COMPILER_APPICON_NAME = AppIcon;
				ASSETCATALOG_COMPILER_GLOBAL_ACCENT_COLOR_NAME = AccentColor;
				CODE_SIGN_STYLE = Automatic;
				DEVELOPMENT_ASSET_PATHS = "\"motivate/Preview Content\"";
				DEVELOPMENT_TEAM = VF6TQX5WSB;
				ENABLE_PREVIEWS = YES;
				INFOPLIST_FILE = motivate/Info.plist;
				IPHONEOS_DEPLOYMENT_TARGET = 14.0;
				LD_RUNPATH_SEARCH_PATHS = (
					"$(inherited)",
					"@executable_path/Frameworks",
				);
				PRODUCT_BUNDLE_IDENTIFIER = com.risquer.motivate;
				PRODUCT_NAME = "$(TARGET_NAME)";
				SWIFT_VERSION = 5.0;
				TARGETED_DEVICE_FAMILY = "1,2";
			};
			name = Debug;
		};
		388DFE242546EB570000D66C /* Release */ = {
			isa = XCBuildConfiguration;
			buildSettings = {
				ASSETCATALOG_COMPILER_APPICON_NAME = AppIcon;
				ASSETCATALOG_COMPILER_GLOBAL_ACCENT_COLOR_NAME = AccentColor;
				CODE_SIGN_STYLE = Automatic;
				DEVELOPMENT_ASSET_PATHS = "\"motivate/Preview Content\"";
				DEVELOPMENT_TEAM = VF6TQX5WSB;
				ENABLE_PREVIEWS = YES;
				INFOPLIST_FILE = motivate/Info.plist;
				IPHONEOS_DEPLOYMENT_TARGET = 14.0;
				LD_RUNPATH_SEARCH_PATHS = (
					"$(inherited)",
					"@executable_path/Frameworks",
				);
				PRODUCT_BUNDLE_IDENTIFIER = com.risquer.motivate;
				PRODUCT_NAME = "$(TARGET_NAME)";
				SWIFT_VERSION = 5.0;
				TARGETED_DEVICE_FAMILY = "1,2";
			};
			name = Release;
		};
		388DFE262546EB570000D66C /* Debug */ = {
			isa = XCBuildConfiguration;
			buildSettings = {
				ALWAYS_EMBED_SWIFT_STANDARD_LIBRARIES = YES;
				BUNDLE_LOADER = "$(TEST_HOST)";
				CODE_SIGN_STYLE = Automatic;
				DEVELOPMENT_TEAM = UY49R4Y83K;
				INFOPLIST_FILE = motivateTests/Info.plist;
				IPHONEOS_DEPLOYMENT_TARGET = 14.0;
				LD_RUNPATH_SEARCH_PATHS = (
					"$(inherited)",
					"@executable_path/Frameworks",
					"@loader_path/Frameworks",
				);
				PRODUCT_BUNDLE_IDENTIFIER = com.risquer.motivateTests;
				PRODUCT_NAME = "$(TARGET_NAME)";
				SWIFT_VERSION = 5.0;
				TARGETED_DEVICE_FAMILY = "1,2";
				TEST_HOST = "$(BUILT_PRODUCTS_DIR)/motivate.app/motivate";
			};
			name = Debug;
		};
		388DFE272546EB570000D66C /* Release */ = {
			isa = XCBuildConfiguration;
			buildSettings = {
				ALWAYS_EMBED_SWIFT_STANDARD_LIBRARIES = YES;
				BUNDLE_LOADER = "$(TEST_HOST)";
				CODE_SIGN_STYLE = Automatic;
				DEVELOPMENT_TEAM = UY49R4Y83K;
				INFOPLIST_FILE = motivateTests/Info.plist;
				IPHONEOS_DEPLOYMENT_TARGET = 14.0;
				LD_RUNPATH_SEARCH_PATHS = (
					"$(inherited)",
					"@executable_path/Frameworks",
					"@loader_path/Frameworks",
				);
				PRODUCT_BUNDLE_IDENTIFIER = com.risquer.motivateTests;
				PRODUCT_NAME = "$(TARGET_NAME)";
				SWIFT_VERSION = 5.0;
				TARGETED_DEVICE_FAMILY = "1,2";
				TEST_HOST = "$(BUILT_PRODUCTS_DIR)/motivate.app/motivate";
			};
			name = Release;
		};
		388DFE292546EB570000D66C /* Debug */ = {
			isa = XCBuildConfiguration;
			buildSettings = {
				ALWAYS_EMBED_SWIFT_STANDARD_LIBRARIES = YES;
				CODE_SIGN_STYLE = Automatic;
				DEVELOPMENT_TEAM = UY49R4Y83K;
				INFOPLIST_FILE = motivateUITests/Info.plist;
				LD_RUNPATH_SEARCH_PATHS = (
					"$(inherited)",
					"@executable_path/Frameworks",
					"@loader_path/Frameworks",
				);
				PRODUCT_BUNDLE_IDENTIFIER = com.risquer.motivateUITests;
				PRODUCT_NAME = "$(TARGET_NAME)";
				SWIFT_VERSION = 5.0;
				TARGETED_DEVICE_FAMILY = "1,2";
				TEST_TARGET_NAME = motivate;
			};
			name = Debug;
		};
		388DFE2A2546EB570000D66C /* Release */ = {
			isa = XCBuildConfiguration;
			buildSettings = {
				ALWAYS_EMBED_SWIFT_STANDARD_LIBRARIES = YES;
				CODE_SIGN_STYLE = Automatic;
				DEVELOPMENT_TEAM = UY49R4Y83K;
				INFOPLIST_FILE = motivateUITests/Info.plist;
				LD_RUNPATH_SEARCH_PATHS = (
					"$(inherited)",
					"@executable_path/Frameworks",
					"@loader_path/Frameworks",
				);
				PRODUCT_BUNDLE_IDENTIFIER = com.risquer.motivateUITests;
				PRODUCT_NAME = "$(TARGET_NAME)";
				SWIFT_VERSION = 5.0;
				TARGETED_DEVICE_FAMILY = "1,2";
				TEST_TARGET_NAME = motivate;
			};
			name = Release;
		};
/* End XCBuildConfiguration section */

/* Begin XCConfigurationList section */
		388DFDF82546EB550000D66C /* Build configuration list for PBXProject "motivate" */ = {
			isa = XCConfigurationList;
			buildConfigurations = (
				388DFE202546EB570000D66C /* Debug */,
				388DFE212546EB570000D66C /* Release */,
			);
			defaultConfigurationIsVisible = 0;
			defaultConfigurationName = Release;
		};
		388DFE222546EB570000D66C /* Build configuration list for PBXNativeTarget "motivate" */ = {
			isa = XCConfigurationList;
			buildConfigurations = (
				388DFE232546EB570000D66C /* Debug */,
				388DFE242546EB570000D66C /* Release */,
			);
			defaultConfigurationIsVisible = 0;
			defaultConfigurationName = Release;
		};
		388DFE252546EB570000D66C /* Build configuration list for PBXNativeTarget "motivateTests" */ = {
			isa = XCConfigurationList;
			buildConfigurations = (
				388DFE262546EB570000D66C /* Debug */,
				388DFE272546EB570000D66C /* Release */,
			);
			defaultConfigurationIsVisible = 0;
			defaultConfigurationName = Release;
		};
		388DFE282546EB570000D66C /* Build configuration list for PBXNativeTarget "motivateUITests" */ = {
			isa = XCConfigurationList;
			buildConfigurations = (
				388DFE292546EB570000D66C /* Debug */,
				388DFE2A2546EB570000D66C /* Release */,
			);
			defaultConfigurationIsVisible = 0;
			defaultConfigurationName = Release;
		};
/* End XCConfigurationList section */

/* Begin XCRemoteSwiftPackageReference section */
		388DFE3325472AFA0000D66C /* XCRemoteSwiftPackageReference "url-image" */ = {
			isa = XCRemoteSwiftPackageReference;
			repositoryURL = "https://github.com/dmytro-anokhin/url-image";
			requirement = {
				kind = upToNextMajorVersion;
				minimumVersion = 2.1.0;
			};
		};
/* End XCRemoteSwiftPackageReference section */

/* Begin XCSwiftPackageProductDependency section */
		388DFE3425472AFA0000D66C /* URLImage */ = {
			isa = XCSwiftPackageProductDependency;
			package = 388DFE3325472AFA0000D66C /* XCRemoteSwiftPackageReference "url-image" */;
			productName = URLImage;
		};
/* End XCSwiftPackageProductDependency section */
	};
	rootObject = 388DFDF52546EB550000D66C /* Project object */;
}
